
Microsoft Visual Studio Solution File, Format Version 12.00
# Visual Studio Version 16
VisualStudioVersion = 16.0.29519.87
MinimumVisualStudioVersion = 10.0.40219.1
Project("{FAE04EC0-301F-11D3-BF4B-00C04F79EFBC}") = "classes_1", "classes_1\classes_1.csproj", "{57340725-E66C-4FFE-BEF8-91A4D40F5B69}"
EndProject
Global
	GlobalSection(SolutionConfigurationPlatforms) = preSolution
		Debug|Any CPU = Debug|Any CPU
		Release|Any CPU = Release|Any CPU
	EndGlobalSection
	GlobalSection(ProjectConfigurationPlatforms) = postSolution
		{57340725-E66C-4FFE-BEF8-91A4D40F5B69}.Debug|Any CPU.ActiveCfg = Debug|Any CPU
		{57340725-E66C-4FFE-BEF8-91A4D40F5B69}.Debug|Any CPU.Build.0 = Debug|Any CPU
		{57340725-E66C-4FFE-BEF8-91A4D40F5B69}.Release|Any CPU.ActiveCfg = Release|Any CPU
		{57340725-E66C-4FFE-BEF8-91A4D40F5B69}.Release|Any CPU.Build.0 = Release|Any CPU
	EndGlobalSection
	GlobalSection(SolutionProperties) = preSolution
		HideSolutionNode = FALSE
	EndGlobalSection
	GlobalSection(ExtensibilityGlobals) = postSolution
		SolutionGuid = {E382CED9-8815-463B-B3DE-2AEEC1FB4297}
	EndGlobalSection
EndGlobal
